
Microsoft Visual Studio Solution File, Format Version 12.00
# Visual Studio Version 17
VisualStudioVersion = 17.5.33414.496
MinimumVisualStudioVersion = 10.0.40219.1
Project("{FAE04EC0-301F-11D3-BF4B-00C04F79EFBC}") = "LINQ Cheatsheet", "LINQ Cheatsheet\LINQ Cheatsheet.csproj", "{F9201480-5D41-46C3-BE26-46FDAE10D104}"
EndProject
Global
	GlobalSection(SolutionConfigurationPlatforms) = preSolution
		Debug|Any CPU = Debug|Any CPU
		Release|Any CPU = Release|Any CPU
	EndGlobalSection
	GlobalSection(ProjectConfigurationPlatforms) = postSolution
		{F9201480-5D41-46C3-BE26-46FDAE10D104}.Debug|Any CPU.ActiveCfg = Debug|Any CPU
		{F9201480-5D41-46C3-BE26-46FDAE10D104}.Debug|Any CPU.Build.0 = Debug|Any CPU
		{F9201480-5D41-46C3-BE26-46FDAE10D104}.Release|Any CPU.ActiveCfg = Release|Any CPU
		{F9201480-5D41-46C3-BE26-46FDAE10D104}.Release|Any CPU.Build.0 = Release|Any CPU
	EndGlobalSection
	GlobalSection(SolutionProperties) = preSolution
		HideSolutionNode = FALSE
	EndGlobalSection
	GlobalSection(ExtensibilityGlobals) = postSolution
		SolutionGuid = {30715036-860E-442C-8F62-F58AA64DC2C5}
	EndGlobalSection
EndGlobal
